
Microsoft Visual Studio Solution File, Format Version 12.00
# Visual Studio 15
VisualStudioVersion = 15.0.27703.2047
MinimumVisualStudioVersion = 10.0.40219.1
Project("{FAE04EC0-301F-11D3-BF4B-00C04F79EFBC}") = "LeetCode", "LeetCode\LeetCode.csproj", "{99FF212B-7C0A-417D-9B6E-C756B52AEBE4}"
EndProject
Project("{FAE04EC0-301F-11D3-BF4B-00C04F79EFBC}") = "LeetCodeTests", "LeetCodeTests\LeetCodeTests.csproj", "{7ACBA09F-4FC4-4C38-9C32-437F3025C996}"
EndProject
Project("{FAE04EC0-301F-11D3-BF4B-00C04F79EFBC}") = "LeetCodeTests1", "LeetCodeTests1\LeetCodeTests1.csproj", "{7CB6A210-128A-4AEF-98E9-68D35AAA141A}"
EndProject
Global
	GlobalSection(SolutionConfigurationPlatforms) = preSolution
		Debug|Any CPU = Debug|Any CPU
		Release|Any CPU = Release|Any CPU
	EndGlobalSection
	GlobalSection(ProjectConfigurationPlatforms) = postSolution
		{99FF212B-7C0A-417D-9B6E-C756B52AEBE4}.Debug|Any CPU.ActiveCfg = Debug|Any CPU
		{99FF212B-7C0A-417D-9B6E-C756B52AEBE4}.Debug|Any CPU.Build.0 = Debug|Any CPU
		{99FF212B-7C0A-417D-9B6E-C756B52AEBE4}.Release|Any CPU.ActiveCfg = Release|Any CPU
		{99FF212B-7C0A-417D-9B6E-C756B52AEBE4}.Release|Any CPU.Build.0 = Release|Any CPU
		{7ACBA09F-4FC4-4C38-9C32-437F3025C996}.Debug|Any CPU.ActiveCfg = Debug|Any CPU
		{7ACBA09F-4FC4-4C38-9C32-437F3025C996}.Debug|Any CPU.Build.0 = Debug|Any CPU
		{7ACBA09F-4FC4-4C38-9C32-437F3025C996}.Release|Any CPU.ActiveCfg = Release|Any CPU
		{7ACBA09F-4FC4-4C38-9C32-437F3025C996}.Release|Any CPU.Build.0 = Release|Any CPU
		{7CB6A210-128A-4AEF-98E9-68D35AAA141A}.Debug|Any CPU.ActiveCfg = Debug|Any CPU
		{7CB6A210-128A-4AEF-98E9-68D35AAA141A}.Debug|Any CPU.Build.0 = Debug|Any CPU
		{7CB6A210-128A-4AEF-98E9-68D35AAA141A}.Release|Any CPU.ActiveCfg = Release|Any CPU
		{7CB6A210-128A-4AEF-98E9-68D35AAA141A}.Release|Any CPU.Build.0 = Release|Any CPU
	EndGlobalSection
	GlobalSection(SolutionProperties) = preSolution
		HideSolutionNode = FALSE
	EndGlobalSection
	GlobalSection(ExtensibilityGlobals) = postSolution
		SolutionGuid = {73EE9211-904D-4586-A024-CCCAD312AB90}
	EndGlobalSection
EndGlobal
